
Microsoft Visual Studio Solution File, Format Version 12.00
# Visual Studio Version 16
VisualStudioVersion = 16.0.30611.23
MinimumVisualStudioVersion = 10.0.40219.1
Project("{FAE04EC0-301F-11D3-BF4B-00C04F79EFBC}") = "LPPA_Parcial1.Site", "LPPA_Parcial1.Site\LPPA_Parcial1.Site.csproj", "{7261FB0E-2FA4-4EAD-9284-F4393D8A3785}"
EndProject
Global
	GlobalSection(SolutionConfigurationPlatforms) = preSolution
		Debug|Any CPU = Debug|Any CPU
		Release|Any CPU = Release|Any CPU
	EndGlobalSection
	GlobalSection(ProjectConfigurationPlatforms) = postSolution
		{7261FB0E-2FA4-4EAD-9284-F4393D8A3785}.Debug|Any CPU.ActiveCfg = Debug|Any CPU
		{7261FB0E-2FA4-4EAD-9284-F4393D8A3785}.Debug|Any CPU.Build.0 = Debug|Any CPU
		{7261FB0E-2FA4-4EAD-9284-F4393D8A3785}.Release|Any CPU.ActiveCfg = Release|Any CPU
		{7261FB0E-2FA4-4EAD-9284-F4393D8A3785}.Release|Any CPU.Build.0 = Release|Any CPU
	EndGlobalSection
	GlobalSection(SolutionProperties) = preSolution
		HideSolutionNode = FALSE
	EndGlobalSection
	GlobalSection(ExtensibilityGlobals) = postSolution
		SolutionGuid = {F2CF79F9-01DA-45D7-BB0A-11589D14C50B}
	EndGlobalSection
EndGlobal
